
Microsoft Visual Studio Solution File, Format Version 12.00
Project("{FAE04EC0-301F-11D3-BF4B-00C04F79EFBC}") = "Bfmd.Cli", "src\Bfmd\Bfmd.Cli\Bfmd.Cli.csproj", "{A9379BD9-933D-4802-A361-DB9699E3E5D6}"
EndProject
Project("{2150E333-8FDC-42A3-9474-1A3956D46DE8}") = "src", "src", "{CC31C5D9-F8EE-4076-8E0C-B35541D6CDEB}"
EndProject
Project("{2150E333-8FDC-42A3-9474-1A3956D46DE8}") = "Bfmd", "Bfmd", "{45181291-6241-448C-A7F4-F7B6336DBD4D}"
EndProject
Project("{FAE04EC0-301F-11D3-BF4B-00C04F79EFBC}") = "Bfmd.Core", "src\Bfmd\Bfmd.Core\Bfmd.Core.csproj", "{900A2B71-0895-4675-91F8-1D30E8C482EB}"
EndProject
Project("{FAE04EC0-301F-11D3-BF4B-00C04F79EFBC}") = "Bfmd.Extractors", "src\Bfmd\Bfmd.Extractors\Bfmd.Extractors.csproj", "{7B74C06F-8DF0-4C9D-8B5E-804BFAB89575}"
EndProject
Project("{2150E333-8FDC-42A3-9474-1A3956D46DE8}") = "tests", "tests", "{86C1F2FF-0FA6-4D34-9151-7150F288F07E}"
EndProject
Project("{2150E333-8FDC-42A3-9474-1A3956D46DE8}") = "Bfmd", "Bfmd", "{6379BB80-AE79-4EE9-919B-376CB51B6863}"
EndProject
Project("{FAE04EC0-301F-11D3-BF4B-00C04F79EFBC}") = "Bfmd.UnitTests", "tests\Bfmd\Bfmd.UnitTests\Bfmd.UnitTests.csproj", "{5A751CF4-EEAC-4BEF-A788-EC1CA987A5F2}"
EndProject
Project("{FAE04EC0-301F-11D3-BF4B-00C04F79EFBC}") = "Bfmd.IntegrationTests", "tests\Bfmd\Bfmd.IntegrationTests\Bfmd.IntegrationTests.csproj", "{F3C91235-8961-4E3A-9427-B31D461CD728}"
EndProject
Project("{2150E333-8FDC-42A3-9474-1A3956D46DE8}") = "config", "config", "{EE486F34-D018-4DED-ACF5-0E94CEDE0841}"
	ProjectSection(SolutionItems) = preProject
		config\mapping.lineages.yaml = config\mapping.lineages.yaml
		config\mapping.backgrounds.yaml = config\mapping.backgrounds.yaml
		config\mapping.classes.yaml = config\mapping.classes.yaml
	EndProjectSection
EndProject
Project("{2150E333-8FDC-42A3-9474-1A3956D46DE8}") = "input", "input", "{29B64B28-8634-4C88-BD54-31ED5EF36E57}"
	ProjectSection(SolutionItems) = preProject
		input\backgrounds_and_talents\backgrounds.md = input\backgrounds_and_talents\backgrounds.md
		input\backgrounds_and_talents\talents.md = input\backgrounds_and_talents\talents.md
		input\lineage_and_heritage\heritage.md = input\lineage_and_heritage\heritage.md
		input\lineage_and_heritage\.DS_Store = input\lineage_and_heritage\.DS_Store
		input\lineage_and_heritage\lineage.md = input\lineage_and_heritage\lineage.md
		input\classes\ranger.md = input\classes\ranger.md
		input\classes\druid.md = input\classes\druid.md
		input\classes\mechanist.md = input\classes\mechanist.md
		input\classes\wizard.md = input\classes\wizard.md
		input\classes\.DS_Store = input\classes\.DS_Store
		input\classes\fighter.md = input\classes\fighter.md
		input\classes\sorcerer.md = input\classes\sorcerer.md
		input\classes\bard.md = input\classes\bard.md
		input\classes\cleric.md = input\classes\cleric.md
		input\classes\rogue.md = input\classes\rogue.md
		input\classes\monk.md = input\classes\monk.md
		input\classes\barbarian.md = input\classes\barbarian.md
		input\classes\paladin.md = input\classes\paladin.md
		input\classes\warlock.md = input\classes\warlock.md
		input\intro\intro.md = input\intro\intro.md
	EndProjectSection
EndProject
Global
	GlobalSection(SolutionConfigurationPlatforms) = preSolution
		Debug|Any CPU = Debug|Any CPU
		Release|Any CPU = Release|Any CPU
	EndGlobalSection
	GlobalSection(ProjectConfigurationPlatforms) = postSolution
		{A9379BD9-933D-4802-A361-DB9699E3E5D6}.Debug|Any CPU.ActiveCfg = Debug|Any CPU
		{A9379BD9-933D-4802-A361-DB9699E3E5D6}.Debug|Any CPU.Build.0 = Debug|Any CPU
		{A9379BD9-933D-4802-A361-DB9699E3E5D6}.Release|Any CPU.ActiveCfg = Release|Any CPU
		{A9379BD9-933D-4802-A361-DB9699E3E5D6}.Release|Any CPU.Build.0 = Release|Any CPU
		{900A2B71-0895-4675-91F8-1D30E8C482EB}.Debug|Any CPU.ActiveCfg = Debug|Any CPU
		{900A2B71-0895-4675-91F8-1D30E8C482EB}.Debug|Any CPU.Build.0 = Debug|Any CPU
		{900A2B71-0895-4675-91F8-1D30E8C482EB}.Release|Any CPU.ActiveCfg = Release|Any CPU
		{900A2B71-0895-4675-91F8-1D30E8C482EB}.Release|Any CPU.Build.0 = Release|Any CPU
		{7B74C06F-8DF0-4C9D-8B5E-804BFAB89575}.Debug|Any CPU.ActiveCfg = Debug|Any CPU
		{7B74C06F-8DF0-4C9D-8B5E-804BFAB89575}.Debug|Any CPU.Build.0 = Debug|Any CPU
		{7B74C06F-8DF0-4C9D-8B5E-804BFAB89575}.Release|Any CPU.ActiveCfg = Release|Any CPU
		{7B74C06F-8DF0-4C9D-8B5E-804BFAB89575}.Release|Any CPU.Build.0 = Release|Any CPU
		{5A751CF4-EEAC-4BEF-A788-EC1CA987A5F2}.Debug|Any CPU.ActiveCfg = Debug|Any CPU
		{5A751CF4-EEAC-4BEF-A788-EC1CA987A5F2}.Debug|Any CPU.Build.0 = Debug|Any CPU
		{5A751CF4-EEAC-4BEF-A788-EC1CA987A5F2}.Release|Any CPU.ActiveCfg = Release|Any CPU
		{5A751CF4-EEAC-4BEF-A788-EC1CA987A5F2}.Release|Any CPU.Build.0 = Release|Any CPU
		{F3C91235-8961-4E3A-9427-B31D461CD728}.Debug|Any CPU.ActiveCfg = Debug|Any CPU
		{F3C91235-8961-4E3A-9427-B31D461CD728}.Debug|Any CPU.Build.0 = Debug|Any CPU
		{F3C91235-8961-4E3A-9427-B31D461CD728}.Release|Any CPU.ActiveCfg = Release|Any CPU
		{F3C91235-8961-4E3A-9427-B31D461CD728}.Release|Any CPU.Build.0 = Release|Any CPU
	EndGlobalSection
	GlobalSection(NestedProjects) = preSolution
		{45181291-6241-448C-A7F4-F7B6336DBD4D} = {CC31C5D9-F8EE-4076-8E0C-B35541D6CDEB}
		{A9379BD9-933D-4802-A361-DB9699E3E5D6} = {45181291-6241-448C-A7F4-F7B6336DBD4D}
		{900A2B71-0895-4675-91F8-1D30E8C482EB} = {45181291-6241-448C-A7F4-F7B6336DBD4D}
		{7B74C06F-8DF0-4C9D-8B5E-804BFAB89575} = {45181291-6241-448C-A7F4-F7B6336DBD4D}
		{6379BB80-AE79-4EE9-919B-376CB51B6863} = {86C1F2FF-0FA6-4D34-9151-7150F288F07E}
		{5A751CF4-EEAC-4BEF-A788-EC1CA987A5F2} = {6379BB80-AE79-4EE9-919B-376CB51B6863}
		{F3C91235-8961-4E3A-9427-B31D461CD728} = {6379BB80-AE79-4EE9-919B-376CB51B6863}
	EndGlobalSection
EndGlobal
