
Microsoft Visual Studio Solution File, Format Version 12.00
Project("{FAE04EC0-301F-11D3-BF4B-00C04F79EFBC}") = "Bfmd.Cli", "src\Bfmd\Bfmd.Cli\Bfmd.Cli.csproj", "{A9379BD9-933D-4802-A361-DB9699E3E5D6}"
EndProject
Project("{2150E333-8FDC-42A3-9474-1A3956D46DE8}") = "src", "src", "{CC31C5D9-F8EE-4076-8E0C-B35541D6CDEB}"
EndProject
Project("{2150E333-8FDC-42A3-9474-1A3956D46DE8}") = "Bfmd", "Bfmd", "{45181291-6241-448C-A7F4-F7B6336DBD4D}"
EndProject
Project("{FAE04EC0-301F-11D3-BF4B-00C04F79EFBC}") = "Bfmd.Core", "src\Bfmd\Bfmd.Core\Bfmd.Core.csproj", "{900A2B71-0895-4675-91F8-1D30E8C482EB}"
EndProject
Project("{FAE04EC0-301F-11D3-BF4B-00C04F79EFBC}") = "Bfmd.Extractors", "src\Bfmd\Bfmd.Extractors\Bfmd.Extractors.csproj", "{7B74C06F-8DF0-4C9D-8B5E-804BFAB89575}"
EndProject
Project("{2150E333-8FDC-42A3-9474-1A3956D46DE8}") = "tests", "tests", "{86C1F2FF-0FA6-4D34-9151-7150F288F07E}"
EndProject
Project("{2150E333-8FDC-42A3-9474-1A3956D46DE8}") = "Bfmd", "Bfmd", "{6379BB80-AE79-4EE9-919B-376CB51B6863}"
EndProject
Project("{FAE04EC0-301F-11D3-BF4B-00C04F79EFBC}") = "Bfmd.UnitTests", "tests\Bfmd\Bfmd.UnitTests\Bfmd.UnitTests.csproj", "{5A751CF4-EEAC-4BEF-A788-EC1CA987A5F2}"
EndProject
Project("{FAE04EC0-301F-11D3-BF4B-00C04F79EFBC}") = "Bfmd.IntegrationTests", "tests\Bfmd\Bfmd.IntegrationTests\Bfmd.IntegrationTests.csproj", "{F3C91235-8961-4E3A-9427-B31D461CD728}"
EndProject
Project("{2150E333-8FDC-42A3-9474-1A3956D46DE8}") = "config", "config", "{EE486F34-D018-4DED-ACF5-0E94CEDE0841}"
	ProjectSection(SolutionItems) = preProject
		config\mapping.backgrounds.yaml = config\mapping.backgrounds.yaml
		config\mapping.classes.yaml = config\mapping.classes.yaml
		config\mapping.lineages.yaml = config\mapping.lineages.yaml
		config\mapping.spells.yaml = config\mapping.spells.yaml
		config\mapping.subclasses.yaml = config\mapping.subclasses.yaml
		config\pipeline.yaml = config\pipeline.yaml
		config\sources.yaml = config\sources.yaml
		config\mapping.talents.yaml = config\mapping.talents.yaml
	EndProjectSection
EndProject
Project("{2150E333-8FDC-42A3-9474-1A3956D46DE8}") = "input", "input", "{29B64B28-8634-4C88-BD54-31ED5EF36E57}"
EndProject
Project("{2150E333-8FDC-42A3-9474-1A3956D46DE8}") = "bfrd", "bfrd", "{8B7C9621-6D30-4F08-9D1C-3D86C7A61E1C}"
EndProject
Project("{2150E333-8FDC-42A3-9474-1A3956D46DE8}") = "classes", "classes", "{A9B1D2C3-5F6A-4B7E-8D91-2D9F2F49B6C1}"
	ProjectSection(SolutionItems) = preProject
		input\bfrd\classes\barbarian.md = input\bfrd\classes\barbarian.md
		input\bfrd\classes\bard.md = input\bfrd\classes\bard.md
		input\bfrd\classes\cleric.md = input\bfrd\classes\cleric.md
		input\bfrd\classes\druid.md = input\bfrd\classes\druid.md
		input\bfrd\classes\fighter.md = input\bfrd\classes\fighter.md
		input\bfrd\classes\mechanist.md = input\bfrd\classes\mechanist.md
		input\bfrd\classes\monk.md = input\bfrd\classes\monk.md
		input\bfrd\classes\paladin.md = input\bfrd\classes\paladin.md
		input\bfrd\classes\ranger.md = input\bfrd\classes\ranger.md
		input\bfrd\classes\rogue.md = input\bfrd\classes\rogue.md
		input\bfrd\classes\sorcerer.md = input\bfrd\classes\sorcerer.md
		input\bfrd\classes\warlock.md = input\bfrd\classes\warlock.md
		input\bfrd\classes\wizard.md = input\bfrd\classes\wizard.md
	EndProjectSection
EndProject
Project("{2150E333-8FDC-42A3-9474-1A3956D46DE8}") = "backgrounds", "backgrounds", "{B34E1C21-59BD-4D43-8D5A-76B0CE3E93C0}"
	ProjectSection(SolutionItems) = preProject
		input\bfrd\backgrounds\backgrounds.md = input\bfrd\backgrounds\backgrounds.md
	EndProjectSection
EndProject
Project("{2150E333-8FDC-42A3-9474-1A3956D46DE8}") = "heritage", "heritage", "{C1E2037A-6D61-4E8C-9B1C-9E8A8617A9F2}"
	ProjectSection(SolutionItems) = preProject
		input\bfrd\heritage\heritage.md = input\bfrd\heritage\heritage.md
	EndProjectSection
EndProject
Project("{2150E333-8FDC-42A3-9474-1A3956D46DE8}") = "heritages", "heritages", "{D0A5B4E1-9B52-4F78-8E1E-72F5A83D6C59}"
	ProjectSection(SolutionItems) = preProject
		input\bfrd\heritages\heritage.md = input\bfrd\heritages\heritage.md
	EndProjectSection
EndProject
Project("{2150E333-8FDC-42A3-9474-1A3956D46DE8}") = "lineages", "lineages", "{E0E0D40A-7F9E-4D7B-9F2C-2E0B976D8A2F}"
	ProjectSection(SolutionItems) = preProject
		input\bfrd\lineages\lineage.md = input\bfrd\lineages\lineage.md
	EndProjectSection
EndProject
Project("{2150E333-8FDC-42A3-9474-1A3956D46DE8}") = "magic_items", "magic_items", "{F1B2C3D4-1A2B-4C3D-8E9F-0A1B2C3D4E5F}"
	ProjectSection(SolutionItems) = preProject
		input\bfrd\magic_items\Tov Rus - magic items.md = input\bfrd\magic_items\Tov Rus - magic items.md
	EndProjectSection
EndProject
Project("{2150E333-8FDC-42A3-9474-1A3956D46DE8}") = "rules", "rules", "{0B2C3D4E-5F60-4A7B-8C9D-1E2F3A4B5C6D}"
	ProjectSection(SolutionItems) = preProject
		input\bfrd\rules\intro.md = input\bfrd\rules\intro.md
		input\bfrd\rules\spellcasting.md = input\bfrd\rules\spellcasting.md
	EndProjectSection
EndProject
Project("{2150E333-8FDC-42A3-9474-1A3956D46DE8}") = "spells", "spells", "{1C2D3E4F-5061-4B7C-8D9E-2F3A4B5C6D7E}"
	ProjectSection(SolutionItems) = preProject
		input\bfrd\spells\spell_list.md = input\bfrd\spells\spell_list.md
		input\bfrd\spells\spells_A.md = input\bfrd\spells\spells_A.md
		input\bfrd\spells\spells_B-C.md = input\bfrd\spells\spells_B-C.md
		input\bfrd\spells\spells_D.md = input\bfrd\spells\spells_D.md
		input\bfrd\spells\spells_E.md = input\bfrd\spells\spells_E.md
		input\bfrd\spells\spells_F.md = input\bfrd\spells\spells_F.md
		input\bfrd\spells\spells_G.md = input\bfrd\spells\spells_G.md
		input\bfrd\spells\spells_H-L.md = input\bfrd\spells\spells_H-L.md
		input\bfrd\spells\spells_M-N.md = input\bfrd\spells\spells_M-N.md
		input\bfrd\spells\spells_P.md = input\bfrd\spells\spells_P.md
		input\bfrd\spells\spells_R-S.md = input\bfrd\spells\spells_R-S.md
		input\bfrd\spells\spells_T-Z.md = input\bfrd\spells\spells_T-Z.md
		input\bfrd\spells\spells_rituals.md = input\bfrd\spells\spells_rituals.md
	EndProjectSection
EndProject
Project("{2150E333-8FDC-42A3-9474-1A3956D46DE8}") = "talents", "talents", "{2D3E4F50-6172-4C8D-9E0F-3A4B5C6D7E8F}"
	ProjectSection(SolutionItems) = preProject
		input\bfrd\talents\talents.md = input\bfrd\talents\talents.md
	EndProjectSection
EndProject
Project("{2150E333-8FDC-42A3-9474-1A3956D46DE8}") = "tovpg1", "tovpg1", "{1A6B2B63-DB35-4E83-9E74-45ED8B312E0D}"
EndProject
Project("{2150E333-8FDC-42A3-9474-1A3956D46DE8}") = "tovpg2", "tovpg2", "{7D8A9B0C-1234-4F56-8A9B-0C1D2E3F4A5B}"
EndProject
Project("{2150E333-8FDC-42A3-9474-1A3956D46DE8}") = "backgrounds", "backgrounds", "{3E4F5061-7283-4D9E-0F1A-4B5C6D7E8F90}"
	ProjectSection(SolutionItems) = preProject
		input\tovpg1\backgrounds\backgrounds_tovpg.md = input\tovpg1\backgrounds\backgrounds_tovpg.md
	EndProjectSection
EndProject
Project("{2150E333-8FDC-42A3-9474-1A3956D46DE8}") = "subclasses", "subclasses", "{4F506172-8394-4E0F-1A2B-5C6D7E8F9012}"
	ProjectSection(SolutionItems) = preProject
		input\tovpg1\subclasses\barbarian_subclasses.md = input\tovpg1\subclasses\barbarian_subclasses.md
		input\tovpg1\subclasses\bard_subclasses.md = input\tovpg1\subclasses\bard_subclasses.md
		input\tovpg1\subclasses\cleric_subclasses.md = input\tovpg1\subclasses\cleric_subclasses.md
		input\tovpg1\subclasses\druid_subclasses.md = input\tovpg1\subclasses\druid_subclasses.md
		input\tovpg1\subclasses\fighter_subclasses.md = input\tovpg1\subclasses\fighter_subclasses.md
		input\tovpg1\subclasses\mechanist_subclasses.md = input\tovpg1\subclasses\mechanist_subclasses.md
		input\tovpg1\subclasses\monk_subclasses.md = input\tovpg1\subclasses\monk_subclasses.md
		input\tovpg1\subclasses\paladin_subclasses.md = input\tovpg1\subclasses\paladin_subclasses.md
		input\tovpg1\subclasses\ranger_subclasses.md = input\tovpg1\subclasses\ranger_subclasses.md
		input\tovpg1\subclasses\rougue_subclasses.md = input\tovpg1\subclasses\rougue_subclasses.md
		input\tovpg1\subclasses\sorcerer_subclasses.md = input\tovpg1\subclasses\sorcerer_subclasses.md
		input\tovpg1\subclasses\warlock_subclasses.md = input\tovpg1\subclasses\warlock_subclasses.md
		input\tovpg1\subclasses\wizard_subclasses.md = input\tovpg1\subclasses\wizard_subclasses.md
	EndProjectSection
EndProject
Project("{2150E333-8FDC-42A3-9474-1A3956D46DE8}") = "boons", "boons", "{8E9F0A1B-2345-4C67-8D9E-0A1B2C3D4E5F}"
	ProjectSection(SolutionItems) = preProject
		input\tovpg2\boons\barbarian_boons.md = input\tovpg2\boons\barbarian_boons.md
		input\tovpg2\boons\bard_boons.md = input\tovpg2\boons\bard_boons.md
		input\tovpg2\boons\cleric_boons.md = input\tovpg2\boons\cleric_boons.md
		input\tovpg2\boons\druid_boons.md = input\tovpg2\boons\druid_boons.md
		input\tovpg2\boons\fighter_boons.md = input\tovpg2\boons\fighter_boons.md
		input\tovpg2\boons\mechanist_boons.md = input\tovpg2\boons\mechanist_boons.md
		input\tovpg2\boons\monk_boons.md = input\tovpg2\boons\monk_boons.md
	EndProjectSection
EndProject
Project("{2150E333-8FDC-42A3-9474-1A3956D46DE8}") = "subclasses", "subclasses", "{9F0A1B2C-3456-4D78-9E0F-1B2C3D4E5F60}"
	ProjectSection(SolutionItems) = preProject
		input\tovpg2\subclasses\barbarian_subclasses.md = input\tovpg2\subclasses\barbarian_subclasses.md
		input\tovpg2\subclasses\bard_subclasses.md = input\tovpg2\subclasses\bard_subclasses.md
		input\tovpg2\subclasses\cleric_subclasses.md = input\tovpg2\subclasses\cleric_subclasses.md
		input\tovpg2\subclasses\druid_subclasses.md = input\tovpg2\subclasses\druid_subclasses.md
		input\tovpg2\subclasses\fighter_subclasses.md = input\tovpg2\subclasses\fighter_subclasses.md
		input\tovpg2\subclasses\mechanist_subclasses.md = input\tovpg2\subclasses\mechanist_subclasses.md
		input\tovpg2\subclasses\monk_subclasses.md = input\tovpg2\subclasses\monk_subclasses.md
	EndProjectSection
EndProject
Project("{2150E333-8FDC-42A3-9474-1A3956D46DE8}") = "BfSiteGen", "BfSiteGen", "{88AAA888-1111-2222-3333-444444444444}"
EndProject
Project("{FAE04EC0-301F-11D3-BF4B-00C04F79EFBC}") = "BfSiteGen.Core", "src\BfSiteGen\BfSiteGen.Core\BfSiteGen.Core.csproj", "{5E3D2A4B-8F73-4F5A-9E5A-6B1F3E0C1A2B}"
EndProject
Project("{FAE04EC0-301F-11D3-BF4B-00C04F79EFBC}") = "BfSiteGen.Cli", "src\BfSiteGen\BfSiteGen.Cli\BfSiteGen.Cli.csproj", "{3B2A1C4D-7E68-49D1-8C3F-2A4B5C6D7E8F}"
EndProject
Project("{2150E333-8FDC-42A3-9474-1A3956D46DE8}") = "BfSiteGen", "BfSiteGen", "{99BBB999-2222-3333-4444-555555555555}"
EndProject
Project("{FAE04EC0-301F-11D3-BF4B-00C04F79EFBC}") = "BfSiteGen.Tests.Unit", "tests\BfSiteGen\BfSiteGen.Tests.Unit\BfSiteGen.Tests.Unit.csproj", "{D1E2F3A4-B5C6-4789-ABCD-0E1F2A3B4C5D}"
EndProject
Project("{FAE04EC0-301F-11D3-BF4B-00C04F79EFBC}") = "BfSiteGen.Tests.Integration", "tests\BfSiteGen\BfSiteGen.Tests.Integration\BfSiteGen.Tests.Integration.csproj", "{0A1B2C3D-4E5F-6789-ABCD-EF0123456789}"
EndProject
Project("{2150E333-8FDC-42A3-9474-1A3956D46DE8}") = "BfCommon", "BfCommon", "{8700137E-2EF4-4F36-BCB8-E8D8AA7DF989}"
EndProject
Project("{FAE04EC0-301F-11D3-BF4B-00C04F79EFBC}") = "BfCommon.Domain", "src\BfCommon\BfCommon.Domain\BfCommon.Domain.csproj", "{D583CB2F-2DD4-40A9-8111-27E00436CF37}"
EndProject
Project("{FAE04EC0-301F-11D3-BF4B-00C04F79EFBC}") = "BfSiteGen.WebDemo", "src\BfSiteGen\BfSiteGen.WebDemo\BfSiteGen.WebDemo.csproj", "{5492FF70-A1C5-4C6D-A238-068B62ACA827}"
EndProject
Project("{2150E333-8FDC-42A3-9474-1A3956D46DE8}") = "tovpg2", "tovpg2", "{5D2FC191-8D3D-4CC3-B9C4-A43DEDED7201}"
EndProject
Global
	GlobalSection(SolutionConfigurationPlatforms) = preSolution
		Debug|Any CPU = Debug|Any CPU
		Release|Any CPU = Release|Any CPU
	EndGlobalSection
	GlobalSection(ProjectConfigurationPlatforms) = postSolution
		{A9379BD9-933D-4802-A361-DB9699E3E5D6}.Debug|Any CPU.ActiveCfg = Debug|Any CPU
		{A9379BD9-933D-4802-A361-DB9699E3E5D6}.Debug|Any CPU.Build.0 = Debug|Any CPU
		{A9379BD9-933D-4802-A361-DB9699E3E5D6}.Release|Any CPU.ActiveCfg = Release|Any CPU
		{A9379BD9-933D-4802-A361-DB9699E3E5D6}.Release|Any CPU.Build.0 = Release|Any CPU
		{900A2B71-0895-4675-91F8-1D30E8C482EB}.Debug|Any CPU.ActiveCfg = Debug|Any CPU
		{900A2B71-0895-4675-91F8-1D30E8C482EB}.Debug|Any CPU.Build.0 = Debug|Any CPU
		{900A2B71-0895-4675-91F8-1D30E8C482EB}.Release|Any CPU.ActiveCfg = Release|Any CPU
		{900A2B71-0895-4675-91F8-1D30E8C482EB}.Release|Any CPU.Build.0 = Release|Any CPU
		{7B74C06F-8DF0-4C9D-8B5E-804BFAB89575}.Debug|Any CPU.ActiveCfg = Debug|Any CPU
		{7B74C06F-8DF0-4C9D-8B5E-804BFAB89575}.Debug|Any CPU.Build.0 = Debug|Any CPU
		{7B74C06F-8DF0-4C9D-8B5E-804BFAB89575}.Release|Any CPU.ActiveCfg = Release|Any CPU
		{7B74C06F-8DF0-4C9D-8B5E-804BFAB89575}.Release|Any CPU.Build.0 = Release|Any CPU
		{5A751CF4-EEAC-4BEF-A788-EC1CA987A5F2}.Debug|Any CPU.ActiveCfg = Debug|Any CPU
		{5A751CF4-EEAC-4BEF-A788-EC1CA987A5F2}.Debug|Any CPU.Build.0 = Debug|Any CPU
		{5A751CF4-EEAC-4BEF-A788-EC1CA987A5F2}.Release|Any CPU.ActiveCfg = Release|Any CPU
		{5A751CF4-EEAC-4BEF-A788-EC1CA987A5F2}.Release|Any CPU.Build.0 = Release|Any CPU
		{F3C91235-8961-4E3A-9427-B31D461CD728}.Debug|Any CPU.ActiveCfg = Debug|Any CPU
		{F3C91235-8961-4E3A-9427-B31D461CD728}.Debug|Any CPU.Build.0 = Debug|Any CPU
		{F3C91235-8961-4E3A-9427-B31D461CD728}.Release|Any CPU.ActiveCfg = Release|Any CPU
		{F3C91235-8961-4E3A-9427-B31D461CD728}.Release|Any CPU.Build.0 = Release|Any CPU
		{5E3D2A4B-8F73-4F5A-9E5A-6B1F3E0C1A2B}.Debug|Any CPU.ActiveCfg = Debug|Any CPU
		{5E3D2A4B-8F73-4F5A-9E5A-6B1F3E0C1A2B}.Debug|Any CPU.Build.0 = Debug|Any CPU
		{5E3D2A4B-8F73-4F5A-9E5A-6B1F3E0C1A2B}.Release|Any CPU.ActiveCfg = Release|Any CPU
		{5E3D2A4B-8F73-4F5A-9E5A-6B1F3E0C1A2B}.Release|Any CPU.Build.0 = Release|Any CPU
		{3B2A1C4D-7E68-49D1-8C3F-2A4B5C6D7E8F}.Debug|Any CPU.ActiveCfg = Debug|Any CPU
		{3B2A1C4D-7E68-49D1-8C3F-2A4B5C6D7E8F}.Debug|Any CPU.Build.0 = Debug|Any CPU
		{3B2A1C4D-7E68-49D1-8C3F-2A4B5C6D7E8F}.Release|Any CPU.ActiveCfg = Release|Any CPU
		{3B2A1C4D-7E68-49D1-8C3F-2A4B5C6D7E8F}.Release|Any CPU.Build.0 = Release|Any CPU
		{D1E2F3A4-B5C6-4789-ABCD-0E1F2A3B4C5D}.Debug|Any CPU.ActiveCfg = Debug|Any CPU
		{D1E2F3A4-B5C6-4789-ABCD-0E1F2A3B4C5D}.Debug|Any CPU.Build.0 = Debug|Any CPU
		{D1E2F3A4-B5C6-4789-ABCD-0E1F2A3B4C5D}.Release|Any CPU.ActiveCfg = Release|Any CPU
		{D1E2F3A4-B5C6-4789-ABCD-0E1F2A3B4C5D}.Release|Any CPU.Build.0 = Release|Any CPU
		{0A1B2C3D-4E5F-6789-ABCD-EF0123456789}.Debug|Any CPU.ActiveCfg = Debug|Any CPU
		{0A1B2C3D-4E5F-6789-ABCD-EF0123456789}.Debug|Any CPU.Build.0 = Debug|Any CPU
		{0A1B2C3D-4E5F-6789-ABCD-EF0123456789}.Release|Any CPU.ActiveCfg = Release|Any CPU
		{0A1B2C3D-4E5F-6789-ABCD-EF0123456789}.Release|Any CPU.Build.0 = Release|Any CPU
		{D583CB2F-2DD4-40A9-8111-27E00436CF37}.Debug|Any CPU.ActiveCfg = Debug|Any CPU
		{D583CB2F-2DD4-40A9-8111-27E00436CF37}.Debug|Any CPU.Build.0 = Debug|Any CPU
		{D583CB2F-2DD4-40A9-8111-27E00436CF37}.Release|Any CPU.ActiveCfg = Release|Any CPU
		{D583CB2F-2DD4-40A9-8111-27E00436CF37}.Release|Any CPU.Build.0 = Release|Any CPU
		{5492FF70-A1C5-4C6D-A238-068B62ACA827}.Debug|Any CPU.ActiveCfg = Debug|Any CPU
		{5492FF70-A1C5-4C6D-A238-068B62ACA827}.Debug|Any CPU.Build.0 = Debug|Any CPU
		{5492FF70-A1C5-4C6D-A238-068B62ACA827}.Release|Any CPU.ActiveCfg = Release|Any CPU
		{5492FF70-A1C5-4C6D-A238-068B62ACA827}.Release|Any CPU.Build.0 = Release|Any CPU
	EndGlobalSection
	GlobalSection(NestedProjects) = preSolution
		{45181291-6241-448C-A7F4-F7B6336DBD4D} = {CC31C5D9-F8EE-4076-8E0C-B35541D6CDEB}
		{A9379BD9-933D-4802-A361-DB9699E3E5D6} = {45181291-6241-448C-A7F4-F7B6336DBD4D}
		{900A2B71-0895-4675-91F8-1D30E8C482EB} = {45181291-6241-448C-A7F4-F7B6336DBD4D}
		{7B74C06F-8DF0-4C9D-8B5E-804BFAB89575} = {45181291-6241-448C-A7F4-F7B6336DBD4D}
		{6379BB80-AE79-4EE9-919B-376CB51B6863} = {86C1F2FF-0FA6-4D34-9151-7150F288F07E}
		{5A751CF4-EEAC-4BEF-A788-EC1CA987A5F2} = {6379BB80-AE79-4EE9-919B-376CB51B6863}
		{F3C91235-8961-4E3A-9427-B31D461CD728} = {6379BB80-AE79-4EE9-919B-376CB51B6863}
		{8B7C9621-6D30-4F08-9D1C-3D86C7A61E1C} = {29B64B28-8634-4C88-BD54-31ED5EF36E57}
		{1A6B2B63-DB35-4E83-9E74-45ED8B312E0D} = {29B64B28-8634-4C88-BD54-31ED5EF36E57}
		{7D8A9B0C-1234-4F56-8A9B-0C1D2E3F4A5B} = {29B64B28-8634-4C88-BD54-31ED5EF36E57}
		{A9B1D2C3-5F6A-4B7E-8D91-2D9F2F49B6C1} = {8B7C9621-6D30-4F08-9D1C-3D86C7A61E1C}
		{B34E1C21-59BD-4D43-8D5A-76B0CE3E93C0} = {8B7C9621-6D30-4F08-9D1C-3D86C7A61E1C}
		{C1E2037A-6D61-4E8C-9B1C-9E8A8617A9F2} = {8B7C9621-6D30-4F08-9D1C-3D86C7A61E1C}
		{D0A5B4E1-9B52-4F78-8E1E-72F5A83D6C59} = {8B7C9621-6D30-4F08-9D1C-3D86C7A61E1C}
		{E0E0D40A-7F9E-4D7B-9F2C-2E0B976D8A2F} = {8B7C9621-6D30-4F08-9D1C-3D86C7A61E1C}
		{F1B2C3D4-1A2B-4C3D-8E9F-0A1B2C3D4E5F} = {8B7C9621-6D30-4F08-9D1C-3D86C7A61E1C}
		{0B2C3D4E-5F60-4A7B-8C9D-1E2F3A4B5C6D} = {8B7C9621-6D30-4F08-9D1C-3D86C7A61E1C}
		{1C2D3E4F-5061-4B7C-8D9E-2F3A4B5C6D7E} = {8B7C9621-6D30-4F08-9D1C-3D86C7A61E1C}
		{2D3E4F50-6172-4C8D-9E0F-3A4B5C6D7E8F} = {8B7C9621-6D30-4F08-9D1C-3D86C7A61E1C}
		{3E4F5061-7283-4D9E-0F1A-4B5C6D7E8F90} = {1A6B2B63-DB35-4E83-9E74-45ED8B312E0D}
		{4F506172-8394-4E0F-1A2B-5C6D7E8F9012} = {1A6B2B63-DB35-4E83-9E74-45ED8B312E0D}
		{8E9F0A1B-2345-4C67-8D9E-0A1B2C3D4E5F} = {7D8A9B0C-1234-4F56-8A9B-0C1D2E3F4A5B}
		{9F0A1B2C-3456-4D78-9E0F-1B2C3D4E5F60} = {7D8A9B0C-1234-4F56-8A9B-0C1D2E3F4A5B}
		{88AAA888-1111-2222-3333-444444444444} = {CC31C5D9-F8EE-4076-8E0C-B35541D6CDEB}
		{5E3D2A4B-8F73-4F5A-9E5A-6B1F3E0C1A2B} = {88AAA888-1111-2222-3333-444444444444}
		{3B2A1C4D-7E68-49D1-8C3F-2A4B5C6D7E8F} = {88AAA888-1111-2222-3333-444444444444}
		{99BBB999-2222-3333-4444-555555555555} = {86C1F2FF-0FA6-4D34-9151-7150F288F07E}
		{D1E2F3A4-B5C6-4789-ABCD-0E1F2A3B4C5D} = {99BBB999-2222-3333-4444-555555555555}
		{0A1B2C3D-4E5F-6789-ABCD-EF0123456789} = {99BBB999-2222-3333-4444-555555555555}
		{8700137E-2EF4-4F36-BCB8-E8D8AA7DF989} = {CC31C5D9-F8EE-4076-8E0C-B35541D6CDEB}
		{D583CB2F-2DD4-40A9-8111-27E00436CF37} = {8700137E-2EF4-4F36-BCB8-E8D8AA7DF989}
		{5492FF70-A1C5-4C6D-A238-068B62ACA827} = {88AAA888-1111-2222-3333-444444444444}
		{5D2FC191-8D3D-4CC3-B9C4-A43DEDED7201} = {29B64B28-8634-4C88-BD54-31ED5EF36E57}
	EndGlobalSection
EndGlobal
